
Microsoft Visual Studio Solution File, Format Version 12.00
# Visual Studio Version 16
VisualStudioVersion = 16.0.29926.136
MinimumVisualStudioVersion = 10.0.40219.1
Project("{9A19103F-16F7-4668-BE54-9A1E7A4F7556}") = "ShoppingCart.Business", "src\ShoppingCart.Business\ShoppingCart.Business.csproj", "{07A19157-1EB4-4102-B704-833B0EC65627}"
EndProject
Project("{9A19103F-16F7-4668-BE54-9A1E7A4F7556}") = "ShoppingCart.Data", "src\ShoppingCart.Data\ShoppingCart.Data.csproj", "{B1D4D4A2-6EB1-4ACA-B8AA-4829653C3E41}"
EndProject
Project("{FAE04EC0-301F-11D3-BF4B-00C04F79EFBC}") = "ShoppingCart.App", "src\ShoppingCart.App\ShoppingCart.App.csproj", "{F863DD2F-650A-4E08-9417-24289DD63E7A}"
EndProject
Global
	GlobalSection(SolutionConfigurationPlatforms) = preSolution
		Debug|Any CPU = Debug|Any CPU
		Release|Any CPU = Release|Any CPU
	EndGlobalSection
	GlobalSection(ProjectConfigurationPlatforms) = postSolution
		{07A19157-1EB4-4102-B704-833B0EC65627}.Debug|Any CPU.ActiveCfg = Debug|Any CPU
		{07A19157-1EB4-4102-B704-833B0EC65627}.Debug|Any CPU.Build.0 = Debug|Any CPU
		{07A19157-1EB4-4102-B704-833B0EC65627}.Release|Any CPU.ActiveCfg = Release|Any CPU
		{07A19157-1EB4-4102-B704-833B0EC65627}.Release|Any CPU.Build.0 = Release|Any CPU
		{B1D4D4A2-6EB1-4ACA-B8AA-4829653C3E41}.Debug|Any CPU.ActiveCfg = Debug|Any CPU
		{B1D4D4A2-6EB1-4ACA-B8AA-4829653C3E41}.Debug|Any CPU.Build.0 = Debug|Any CPU
		{B1D4D4A2-6EB1-4ACA-B8AA-4829653C3E41}.Release|Any CPU.ActiveCfg = Release|Any CPU
		{B1D4D4A2-6EB1-4ACA-B8AA-4829653C3E41}.Release|Any CPU.Build.0 = Release|Any CPU
		{F863DD2F-650A-4E08-9417-24289DD63E7A}.Debug|Any CPU.ActiveCfg = Debug|Any CPU
		{F863DD2F-650A-4E08-9417-24289DD63E7A}.Debug|Any CPU.Build.0 = Debug|Any CPU
		{F863DD2F-650A-4E08-9417-24289DD63E7A}.Release|Any CPU.ActiveCfg = Release|Any CPU
		{F863DD2F-650A-4E08-9417-24289DD63E7A}.Release|Any CPU.Build.0 = Release|Any CPU
	EndGlobalSection
	GlobalSection(SolutionProperties) = preSolution
		HideSolutionNode = FALSE
	EndGlobalSection
	GlobalSection(ExtensibilityGlobals) = postSolution
		SolutionGuid = {B5F73B2F-E964-4583-B9C7-32782B9BDFEA}
	EndGlobalSection
EndGlobal
